// !$*UTF8*$!
{
	archiveVersion = 1;
	classes = {
	};
	objectVersion = 50;
	objects = {

/* Begin PBXBuildFile section */
		01866DF323EDCE53000F1092 /* AppDelegate.swift in Sources */ = {isa = PBXBuildFile; fileRef = 01866DF223EDCE53000F1092 /* AppDelegate.swift */; };
		01866DF523EDCE53000F1092 /* SceneDelegate.swift in Sources */ = {isa = PBXBuildFile; fileRef = 01866DF423EDCE53000F1092 /* SceneDelegate.swift */; };
		01866DF823EDCE53000F1092 /* Text_Image_Classifier_ASM_.xcdatamodeld in Sources */ = {isa = PBXBuildFile; fileRef = 01866DF623EDCE53000F1092 /* Text_Image_Classifier_ASM_.xcdatamodeld */; };
		01866DFA23EDCE53000F1092 /* ContentView.swift in Sources */ = {isa = PBXBuildFile; fileRef = 01866DF923EDCE53000F1092 /* ContentView.swift */; };
		01866DFC23EDCE54000F1092 /* Assets.xcassets in Resources */ = {isa = PBXBuildFile; fileRef = 01866DFB23EDCE54000F1092 /* Assets.xcassets */; };
		01866DFF23EDCE54000F1092 /* Preview Assets.xcassets in Resources */ = {isa = PBXBuildFile; fileRef = 01866DFE23EDCE54000F1092 /* Preview Assets.xcassets */; };
		01866E0223EDCE54000F1092 /* LaunchScreen.storyboard in Resources */ = {isa = PBXBuildFile; fileRef = 01866E0023EDCE54000F1092 /* LaunchScreen.storyboard */; };
		01866E0D23EDCE54000F1092 /* Text_Image_Classifier_ASM_Tests.swift in Sources */ = {isa = PBXBuildFile; fileRef = 01866E0C23EDCE54000F1092 /* Text_Image_Classifier_ASM_Tests.swift */; };
		01866E1823EDCE54000F1092 /* Text_Image_Classifier_ASM_UITests.swift in Sources */ = {isa = PBXBuildFile; fileRef = 01866E1723EDCE54000F1092 /* Text_Image_Classifier_ASM_UITests.swift */; };
		01FE1F1E244103E1006E6AC2 /* circleImage.swift in Sources */ = {isa = PBXBuildFile; fileRef = 01FE1F1D244103E1006E6AC2 /* circleImage.swift */; };
/* End PBXBuildFile section */

/* Begin PBXContainerItemProxy section */
		01866E0923EDCE54000F1092 /* PBXContainerItemProxy */ = {
			isa = PBXContainerItemProxy;
			containerPortal = 01866DE723EDCE53000F1092 /* Project object */;
			proxyType = 1;
			remoteGlobalIDString = 01866DEE23EDCE53000F1092;
			remoteInfo = "Text Image Classifier(ASM)";
		};
		01866E1423EDCE54000F1092 /* PBXContainerItemProxy */ = {
			isa = PBXContainerItemProxy;
			containerPortal = 01866DE723EDCE53000F1092 /* Project object */;
			proxyType = 1;
			remoteGlobalIDString = 01866DEE23EDCE53000F1092;
			remoteInfo = "Text Image Classifier(ASM)";
		};
/* End PBXContainerItemProxy section */

/* Begin PBXFileReference section */
		01866DEF23EDCE53000F1092 /* Text Image Classifier(ASM).app */ = {isa = PBXFileReference; explicitFileType = wrapper.application; includeInIndex = 0; path = "Text Image Classifier(ASM).app"; sourceTree = BUILT_PRODUCTS_DIR; };
		01866DF223EDCE53000F1092 /* AppDelegate.swift */ = {isa = PBXFileReference; lastKnownFileType = sourcecode.swift; path = AppDelegate.swift; sourceTree = "<group>"; };
		01866DF423EDCE53000F1092 /* SceneDelegate.swift */ = {isa = PBXFileReference; lastKnownFileType = sourcecode.swift; path = SceneDelegate.swift; sourceTree = "<group>"; };
		01866DF723EDCE53000F1092 /* Text_Image_Classifier_ASM_.xcdatamodel */ = {isa = PBXFileReference; lastKnownFileType = wrapper.xcdatamodel; path = Text_Image_Classifier_ASM_.xcdatamodel; sourceTree = "<group>"; };
		01866DF923EDCE53000F1092 /* ContentView.swift */ = {isa = PBXFileReference; lastKnownFileType = sourcecode.swift; path = ContentView.swift; sourceTree = "<group>"; };
		01866DFB23EDCE54000F1092 /* Assets.xcassets */ = {isa = PBXFileReference; lastKnownFileType = folder.assetcatalog; path = Assets.xcassets; sourceTree = "<group>"; };
		01866DFE23EDCE54000F1092 /* Preview Assets.xcassets */ = {isa = PBXFileReference; lastKnownFileType = folder.assetcatalog; path = "Preview Assets.xcassets"; sourceTree = "<group>"; };
		01866E0123EDCE54000F1092 /* Base */ = {isa = PBXFileReference; lastKnownFileType = file.storyboard; name = Base; path = Base.lproj/LaunchScreen.storyboard; sourceTree = "<group>"; };
		01866E0323EDCE54000F1092 /* Info.plist */ = {isa = PBXFileReference; lastKnownFileType = text.plist.xml; path = Info.plist; sourceTree = "<group>"; };
		01866E0823EDCE54000F1092 /* Text Image Classifier(ASM)Tests.xctest */ = {isa = PBXFileReference; explicitFileType = wrapper.cfbundle; includeInIndex = 0; path = "Text Image Classifier(ASM)Tests.xctest"; sourceTree = BUILT_PRODUCTS_DIR; };
		01866E0C23EDCE54000F1092 /* Text_Image_Classifier_ASM_Tests.swift */ = {isa = PBXFileReference; lastKnownFileType = sourcecode.swift; path = Text_Image_Classifier_ASM_Tests.swift; sourceTree = "<group>"; };
		01866E0E23EDCE54000F1092 /* Info.plist */ = {isa = PBXFileReference; lastKnownFileType = text.plist.xml; path = Info.plist; sourceTree = "<group>"; };
		01866E1323EDCE54000F1092 /* Text Image Classifier(ASM)UITests.xctest */ = {isa = PBXFileReference; explicitFileType = wrapper.cfbundle; includeInIndex = 0; path = "Text Image Classifier(ASM)UITests.xctest"; sourceTree = BUILT_PRODUCTS_DIR; };
		01866E1723EDCE54000F1092 /* Text_Image_Classifier_ASM_UITests.swift */ = {isa = PBXFileReference; lastKnownFileType = sourcecode.swift; path = Text_Image_Classifier_ASM_UITests.swift; sourceTree = "<group>"; };
		01866E1923EDCE54000F1092 /* Info.plist */ = {isa = PBXFileReference; lastKnownFileType = text.plist.xml; path = Info.plist; sourceTree = "<group>"; };
		01FE1F1D244103E1006E6AC2 /* circleImage.swift */ = {isa = PBXFileReference; lastKnownFileType = sourcecode.swift; path = circleImage.swift; sourceTree = "<group>"; };
/* End PBXFileReference section */

/* Begin PBXFrameworksBuildPhase section */
		01866DEC23EDCE53000F1092 /* Frameworks */ = {
			isa = PBXFrameworksBuildPhase;
			buildActionMask = 2147483647;
			files = (
			);
			runOnlyForDeploymentPostprocessing = 0;
		};
		01866E0523EDCE54000F1092 /* Frameworks */ = {
			isa = PBXFrameworksBuildPhase;
			buildActionMask = 2147483647;
			files = (
			);
			runOnlyForDeploymentPostprocessing = 0;
		};
		01866E1023EDCE54000F1092 /* Frameworks */ = {
			isa = PBXFrameworksBuildPhase;
			buildActionMask = 2147483647;
			files = (
			);
			runOnlyForDeploymentPostprocessing = 0;
		};
/* End PBXFrameworksBuildPhase section */

/* Begin PBXGroup section */
		01866DE623EDCE53000F1092 = {
			isa = PBXGroup;
			children = (
				01FE1F1D244103E1006E6AC2 /* circleImage.swift */,
				01866DF123EDCE53000F1092 /* Text Image Classifier(ASM) */,
				01866E0B23EDCE54000F1092 /* Text Image Classifier(ASM)Tests */,
				01866E1623EDCE54000F1092 /* Text Image Classifier(ASM)UITests */,
				01866DF023EDCE53000F1092 /* Products */,
			);
			sourceTree = "<group>";
		};
		01866DF023EDCE53000F1092 /* Products */ = {
			isa = PBXGroup;
			children = (
				01866DEF23EDCE53000F1092 /* Text Image Classifier(ASM).app */,
				01866E0823EDCE54000F1092 /* Text Image Classifier(ASM)Tests.xctest */,
				01866E1323EDCE54000F1092 /* Text Image Classifier(ASM)UITests.xctest */,
			);
			name = Products;
			sourceTree = "<group>";
		};
		01866DF123EDCE53000F1092 /* Text Image Classifier(ASM) */ = {
			isa = PBXGroup;
			children = (
				01866DF223EDCE53000F1092 /* AppDelegate.swift */,
				01866DF423EDCE53000F1092 /* SceneDelegate.swift */,
				01866DF923EDCE53000F1092 /* ContentView.swift */,
				01866DFB23EDCE54000F1092 /* Assets.xcassets */,
				01866E0023EDCE54000F1092 /* LaunchScreen.storyboard */,
				01866E0323EDCE54000F1092 /* Info.plist */,
				01866DF623EDCE53000F1092 /* Text_Image_Classifier_ASM_.xcdatamodeld */,
				01866DFD23EDCE54000F1092 /* Preview Content */,
			);
			path = "Text Image Classifier(ASM)";
			sourceTree = "<group>";
		};
		01866DFD23EDCE54000F1092 /* Preview Content */ = {
			isa = PBXGroup;
			children = (
				01866DFE23EDCE54000F1092 /* Preview Assets.xcassets */,
			);
			path = "Preview Content";
			sourceTree = "<group>";
		};
		01866E0B23EDCE54000F1092 /* Text Image Classifier(ASM)Tests */ = {
			isa = PBXGroup;
			children = (
				01866E0C23EDCE54000F1092 /* Text_Image_Classifier_ASM_Tests.swift */,
				01866E0E23EDCE54000F1092 /* Info.plist */,
			);
			path = "Text Image Classifier(ASM)Tests";
			sourceTree = "<group>";
		};
		01866E1623EDCE54000F1092 /* Text Image Classifier(ASM)UITests */ = {
			isa = PBXGroup;
			children = (
				01866E1723EDCE54000F1092 /* Text_Image_Classifier_ASM_UITests.swift */,
				01866E1923EDCE54000F1092 /* Info.plist */,
			);
			path = "Text Image Classifier(ASM)UITests";
			sourceTree = "<group>";
		};
/* End PBXGroup section */

/* Begin PBXNativeTarget section */
		01866DEE23EDCE53000F1092 /* Text Image Classifier(ASM) */ = {
			isa = PBXNativeTarget;
			buildConfigurationList = 01866E1C23EDCE54000F1092 /* Build configuration list for PBXNativeTarget "Text Image Classifier(ASM)" */;
			buildPhases = (
				01866DEB23EDCE53000F1092 /* Sources */,
				01866DEC23EDCE53000F1092 /* Frameworks */,
				01866DED23EDCE53000F1092 /* Resources */,
			);
			buildRules = (
			);
			dependencies = (
			);
			name = "Text Image Classifier(ASM)";
			productName = "Text Image Classifier(ASM)";
			productReference = 01866DEF23EDCE53000F1092 /* Text Image Classifier(ASM).app */;
			productType = "com.apple.product-type.application";
		};
		01866E0723EDCE54000F1092 /* Text Image Classifier(ASM)Tests */ = {
			isa = PBXNativeTarget;
			buildConfigurationList = 01866E1F23EDCE54000F1092 /* Build configuration list for PBXNativeTarget "Text Image Classifier(ASM)Tests" */;
			buildPhases = (
				01866E0423EDCE54000F1092 /* Sources */,
				01866E0523EDCE54000F1092 /* Frameworks */,
				01866E0623EDCE54000F1092 /* Resources */,
			);
			buildRules = (
			);
			dependencies = (
				01866E0A23EDCE54000F1092 /* PBXTargetDependency */,
			);
			name = "Text Image Classifier(ASM)Tests";
			productName = "Text Image Classifier(ASM)Tests";
			productReference = 01866E0823EDCE54000F1092 /* Text Image Classifier(ASM)Tests.xctest */;
			productType = "com.apple.product-type.bundle.unit-test";
		};
		01866E1223EDCE54000F1092 /* Text Image Classifier(ASM)UITests */ = {
			isa = PBXNativeTarget;
			buildConfigurationList = 01866E2223EDCE54000F1092 /* Build configuration list for PBXNativeTarget "Text Image Classifier(ASM)UITests" */;
			buildPhases = (
				01866E0F23EDCE54000F1092 /* Sources */,
				01866E1023EDCE54000F1092 /* Frameworks */,
				01866E1123EDCE54000F1092 /* Resources */,
			);
			buildRules = (
			);
			dependencies = (
				01866E1523EDCE54000F1092 /* PBXTargetDependency */,
			);
			name = "Text Image Classifier(ASM)UITests";
			productName = "Text Image Classifier(ASM)UITests";
			productReference = 01866E1323EDCE54000F1092 /* Text Image Classifier(ASM)UITests.xctest */;
			productType = "com.apple.product-type.bundle.ui-testing";
		};
/* End PBXNativeTarget section */

/* Begin PBXProject section */
		01866DE723EDCE53000F1092 /* Project object */ = {
			isa = PBXProject;
			attributes = {
				LastSwiftUpdateCheck = 1130;
				LastUpgradeCheck = 1130;
				ORGANIZATIONNAME = "lincoln anderson";
				TargetAttributes = {
					01866DEE23EDCE53000F1092 = {
						CreatedOnToolsVersion = 11.3.1;
					};
					01866E0723EDCE54000F1092 = {
						CreatedOnToolsVersion = 11.3.1;
						TestTargetID = 01866DEE23EDCE53000F1092;
					};
					01866E1223EDCE54000F1092 = {
						CreatedOnToolsVersion = 11.3.1;
						TestTargetID = 01866DEE23EDCE53000F1092;
					};
				};
			};
			buildConfigurationList = 01866DEA23EDCE53000F1092 /* Build configuration list for PBXProject "Text Image Classifier(ASM)" */;
			compatibilityVersion = "Xcode 9.3";
			developmentRegion = en;
			hasScannedForEncodings = 0;
			knownRegions = (
				en,
				Base,
			);
			mainGroup = 01866DE623EDCE53000F1092;
			productRefGroup = 01866DF023EDCE53000F1092 /* Products */;
			projectDirPath = "";
			projectRoot = "";
			targets = (
				01866DEE23EDCE53000F1092 /* Text Image Classifier(ASM) */,
				01866E0723EDCE54000F1092 /* Text Image Classifier(ASM)Tests */,
				01866E1223EDCE54000F1092 /* Text Image Classifier(ASM)UITests */,
			);
		};
/* End PBXProject section */

/* Begin PBXResourcesBuildPhase section */
		01866DED23EDCE53000F1092 /* Resources */ = {
			isa = PBXResourcesBuildPhase;
			buildActionMask = 2147483647;
			files = (
				01866E0223EDCE54000F1092 /* LaunchScreen.storyboard in Resources */,
				01866DFF23EDCE54000F1092 /* Preview Assets.xcassets in Resources */,
				01866DFC23EDCE54000F1092 /* Assets.xcassets in Resources */,
			);
			runOnlyForDeploymentPostprocessing = 0;
		};
		01866E0623EDCE54000F1092 /* Resources */ = {
			isa = PBXResourcesBuildPhase;
			buildActionMask = 2147483647;
			files = (
			);
			runOnlyForDeploymentPostprocessing = 0;
		};
		01866E1123EDCE54000F1092 /* Resources */ = {
			isa = PBXResourcesBuildPhase;
			buildActionMask = 2147483647;
			files = (
			);
			runOnlyForDeploymentPostprocessing = 0;
		};
/* End PBXResourcesBuildPhase section */

/* Begin PBXSourcesBuildPhase section */
		01866DEB23EDCE53000F1092 /* Sources */ = {
			isa = PBXSourcesBuildPhase;
			buildActionMask = 2147483647;
			files = (
				01866DF823EDCE53000F1092 /* Text_Image_Classifier_ASM_.xcdatamodeld in Sources */,
				01866DF323EDCE53000F1092 /* AppDelegate.swift in Sources */,
				01FE1F1E244103E1006E6AC2 /* circleImage.swift in Sources */,
				01866DFA23EDCE53000F1092 /* ContentView.swift in Sources */,
				01866DF523EDCE53000F1092 /* SceneDelegate.swift in Sources */,
			);
			runOnlyForDeploymentPostprocessing = 0;
		};
		01866E0423EDCE54000F1092 /* Sources */ = {
			isa = PBXSourcesBuildPhase;
			buildActionMask = 2147483647;
			files = (
				01866E0D23EDCE54000F1092 /* Text_Image_Classifier_ASM_Tests.swift in Sources */,
			);
			runOnlyForDeploymentPostprocessing = 0;
		};
		01866E0F23EDCE54000F1092 /* Sources */ = {
			isa = PBXSourcesBuildPhase;
			buildActionMask = 2147483647;
			files = (
				01866E1823EDCE54000F1092 /* Text_Image_Classifier_ASM_UITests.swift in Sources */,
			);
			runOnlyForDeploymentPostprocessing = 0;
		};
/* End PBXSourcesBuildPhase section */

/* Begin PBXTargetDependency section */
		01866E0A23EDCE54000F1092 /* PBXTargetDependency */ = {
			isa = PBXTargetDependency;
			target = 01866DEE23EDCE53000F1092 /* Text Image Classifier(ASM) */;
			targetProxy = 01866E0923EDCE54000F1092 /* PBXContainerItemProxy */;
		};
		01866E1523EDCE54000F1092 /* PBXTargetDependency */ = {
			isa = PBXTargetDependency;
			target = 01866DEE23EDCE53000F1092 /* Text Image Classifier(ASM) */;
			targetProxy = 01866E1423EDCE54000F1092 /* PBXContainerItemProxy */;
		};
/* End PBXTargetDependency section */

/* Begin PBXVariantGroup section */
		01866E0023EDCE54000F1092 /* LaunchScreen.storyboard */ = {
			isa = PBXVariantGroup;
			children = (
				01866E0123EDCE54000F1092 /* Base */,
			);
			name = LaunchScreen.storyboard;
			sourceTree = "<group>";
		};
/* End PBXVariantGroup section */

/* Begin XCBuildConfiguration section */
		01866E1A23EDCE54000F1092 /* Debug */ = {
			isa = XCBuildConfiguration;
			buildSettings = {
				ALWAYS_SEARCH_USER_PATHS = NO;
				CLANG_ANALYZER_NONNULL = YES;
				CLANG_ANALYZER_NUMBER_OBJECT_CONVERSION = YES_AGGRESSIVE;
				CLANG_CXX_LANGUAGE_STANDARD = "gnu++14";
				CLANG_CXX_LIBRARY = "libc++";
				CLANG_ENABLE_MODULES = YES;
				CLANG_ENABLE_OBJC_ARC = YES;
				CLANG_ENABLE_OBJC_WEAK = YES;
				CLANG_WARN_BLOCK_CAPTURE_AUTORELEASING = YES;
				CLANG_WARN_BOOL_CONVERSION = YES;
				CLANG_WARN_COMMA = YES;
				CLANG_WARN_CONSTANT_CONVERSION = YES;
				CLANG_WARN_DEPRECATED_OBJC_IMPLEMENTATIONS = YES;
				CLANG_WARN_DIRECT_OBJC_ISA_USAGE = YES_ERROR;
				CLANG_WARN_DOCUMENTATION_COMMENTS = YES;
				CLANG_WARN_EMPTY_BODY = YES;
				CLANG_WARN_ENUM_CONVERSION = YES;
				CLANG_WARN_INFINITE_RECURSION = YES;
				CLANG_WARN_INT_CONVERSION = YES;
				CLANG_WARN_NON_LITERAL_NULL_CONVERSION = YES;
				CLANG_WARN_OBJC_IMPLICIT_RETAIN_SELF = YES;
				CLANG_WARN_OBJC_LITERAL_CONVERSION = YES;
				CLANG_WARN_OBJC_ROOT_CLASS = YES_ERROR;
				CLANG_WARN_RANGE_LOOP_ANALYSIS = YES;
				CLANG_WARN_STRICT_PROTOTYPES = YES;
				CLANG_WARN_SUSPICIOUS_MOVE = YES;
				CLANG_WARN_UNGUARDED_AVAILABILITY = YES_AGGRESSIVE;
				CLANG_WARN_UNREACHABLE_CODE = YES;
				CLANG_WARN__DUPLICATE_METHOD_MATCH = YES;
				COPY_PHASE_STRIP = NO;
				DEBUG_INFORMATION_FORMAT = dwarf;
				ENABLE_STRICT_OBJC_MSGSEND = YES;
				ENABLE_TESTABILITY = YES;
				GCC_C_LANGUAGE_STANDARD = gnu11;
				GCC_DYNAMIC_NO_PIC = NO;
				GCC_NO_COMMON_BLOCKS = YES;
				GCC_OPTIMIZATION_LEVEL = 0;
				GCC_PREPROCESSOR_DEFINITIONS = (
					"DEBUG=1",
					"$(inherited)",
				);
				GCC_WARN_64_TO_32_BIT_CONVERSION = YES;
				GCC_WARN_ABOUT_RETURN_TYPE = YES_ERROR;
				GCC_WARN_UNDECLARED_SELECTOR = YES;
				GCC_WARN_UNINITIALIZED_AUTOS = YES_AGGRESSIVE;
				GCC_WARN_UNUSED_FUNCTION = YES;
				GCC_WARN_UNUSED_VARIABLE = YES;
				IPHONEOS_DEPLOYMENT_TARGET = 13.2;
				MTL_ENABLE_DEBUG_INFO = INCLUDE_SOURCE;
				MTL_FAST_MATH = YES;
				ONLY_ACTIVE_ARCH = YES;
				SDKROOT = iphoneos;
				SWIFT_ACTIVE_COMPILATION_CONDITIONS = DEBUG;
				SWIFT_OPTIMIZATION_LEVEL = "-Onone";
			};
			name = Debug;
		};
		01866E1B23EDCE54000F1092 /* Release */ = {
			isa = XCBuildConfiguration;
			buildSettings = {
				ALWAYS_SEARCH_USER_PATHS = NO;
				CLANG_ANALYZER_NONNULL = YES;
				CLANG_ANALYZER_NUMBER_OBJECT_CONVERSION = YES_AGGRESSIVE;
				CLANG_CXX_LANGUAGE_STANDARD = "gnu++14";
				CLANG_CXX_LIBRARY = "libc++";
				CLANG_ENABLE_MODULES = YES;
				CLANG_ENABLE_OBJC_ARC = YES;
				CLANG_ENABLE_OBJC_WEAK = YES;
				CLANG_WARN_BLOCK_CAPTURE_AUTORELEASING = YES;
				CLANG_WARN_BOOL_CONVERSION = YES;
				CLANG_WARN_COMMA = YES;
				CLANG_WARN_CONSTANT_CONVERSION = YES;
				CLANG_WARN_DEPRECATED_OBJC_IMPLEMENTATIONS = YES;
				CLANG_WARN_DIRECT_OBJC_ISA_USAGE = YES_ERROR;
				CLANG_WARN_DOCUMENTATION_COMMENTS = YES;
				CLANG_WARN_EMPTY_BODY = YES;
				CLANG_WARN_ENUM_CONVERSION = YES;
				CLANG_WARN_INFINITE_RECURSION = YES;
				CLANG_WARN_INT_CONVERSION = YES;
				CLANG_WARN_NON_LITERAL_NULL_CONVERSION = YES;
				CLANG_WARN_OBJC_IMPLICIT_RETAIN_SELF = YES;
				CLANG_WARN_OBJC_LITERAL_CONVERSION = YES;
				CLANG_WARN_OBJC_ROOT_CLASS = YES_ERROR;
				CLANG_WARN_RANGE_LOOP_ANALYSIS = YES;
				CLANG_WARN_STRICT_PROTOTYPES = YES;
				CLANG_WARN_SUSPICIOUS_MOVE = YES;
				CLANG_WARN_UNGUARDED_AVAILABILITY = YES_AGGRESSIVE;
				CLANG_WARN_UNREACHABLE_CODE = YES;
				CLANG_WARN__DUPLICATE_METHOD_MATCH = YES;
				COPY_PHASE_STRIP = NO;
				DEBUG_INFORMATION_FORMAT = "dwarf-with-dsym";
				ENABLE_NS_ASSERTIONS = NO;
				ENABLE_STRICT_OBJC_MSGSEND = YES;
				GCC_C_LANGUAGE_STANDARD = gnu11;
				GCC_NO_COMMON_BLOCKS = YES;
				GCC_WARN_64_TO_32_BIT_CONVERSION = YES;
				GCC_WARN_ABOUT_RETURN_TYPE = YES_ERROR;
				GCC_WARN_UNDECLARED_SELECTOR = YES;
				GCC_WARN_UNINITIALIZED_AUTOS = YES_AGGRESSIVE;
				GCC_WARN_UNUSED_FUNCTION = YES;
				GCC_WARN_UNUSED_VARIABLE = YES;
				IPHONEOS_DEPLOYMENT_TARGET = 13.2;
				MTL_ENABLE_DEBUG_INFO = NO;
				MTL_FAST_MATH = YES;
				SDKROOT = iphoneos;
				SWIFT_COMPILATION_MODE = wholemodule;
				SWIFT_OPTIMIZATION_LEVEL = "-O";
				VALIDATE_PRODUCT = YES;
			};
			name = Release;
		};
		01866E1D23EDCE54000F1092 /* Debug */ = {
			isa = XCBuildConfiguration;
			buildSettings = {
				ASSETCATALOG_COMPILER_APPICON_NAME = AppIcon;
				CODE_SIGN_STYLE = Automatic;
				DEVELOPMENT_ASSET_PATHS = "\"Text Image Classifier(ASM)/Preview Content\"";
				ENABLE_PREVIEWS = YES;
				INFOPLIST_FILE = "Text Image Classifier(ASM)/Info.plist";
				LD_RUNPATH_SEARCH_PATHS = (
					"$(inherited)",
					"@executable_path/Frameworks",
				);
				PRODUCT_BUNDLE_IDENTIFIER = "LAVA.Text-Image-Classifier-ASM-";
				PRODUCT_NAME = "$(TARGET_NAME)";
				SWIFT_VERSION = 5.0;
				TARGETED_DEVICE_FAMILY = "1,2";
			};
			name = Debug;
		};
		01866E1E23EDCE54000F1092 /* Release */ = {
			isa = XCBuildConfiguration;
			buildSettings = {
				ASSETCATALOG_COMPILER_APPICON_NAME = AppIcon;
				CODE_SIGN_STYLE = Automatic;
				DEVELOPMENT_ASSET_PATHS = "\"Text Image Classifier(ASM)/Preview Content\"";
				ENABLE_PREVIEWS = YES;
				INFOPLIST_FILE = "Text Image Classifier(ASM)/Info.plist";
				LD_RUNPATH_SEARCH_PATHS = (
					"$(inherited)",
					"@executable_path/Frameworks",
				);
				PRODUCT_BUNDLE_IDENTIFIER = "LAVA.Text-Image-Classifier-ASM-";
				PRODUCT_NAME = "$(TARGET_NAME)";
				SWIFT_VERSION = 5.0;
				TARGETED_DEVICE_FAMILY = "1,2";
			};
			name = Release;
		};
		01866E2023EDCE54000F1092 /* Debug */ = {
			isa = XCBuildConfiguration;
			buildSettings = {
				ALWAYS_EMBED_SWIFT_STANDARD_LIBRARIES = YES;
				BUNDLE_LOADER = "$(TEST_HOST)";
				CODE_SIGN_STYLE = Automatic;
				INFOPLIST_FILE = "Text Image Classifier(ASM)Tests/Info.plist";
				IPHONEOS_DEPLOYMENT_TARGET = 13.2;
				LD_RUNPATH_SEARCH_PATHS = (
					"$(inherited)",
					"@executable_path/Frameworks",
					"@loader_path/Frameworks",
				);
				PRODUCT_BUNDLE_IDENTIFIER = "LAVA.Text-Image-Classifier-ASM-Tests";
				PRODUCT_NAME = "$(TARGET_NAME)";
				SWIFT_VERSION = 5.0;
				TARGETED_DEVICE_FAMILY = "1,2";
				TEST_HOST = "$(BUILT_PRODUCTS_DIR)/Text Image Classifier(ASM).app/Text Image Classifier(ASM)";
			};
			name = Debug;
		};
		01866E2123EDCE54000F1092 /* Release */ = {
			isa = XCBuildConfiguration;
			buildSettings = {
				ALWAYS_EMBED_SWIFT_STANDARD_LIBRARIES = YES;
				BUNDLE_LOADER = "$(TEST_HOST)";
				CODE_SIGN_STYLE = Automatic;
				INFOPLIST_FILE = "Text Image Classifier(ASM)Tests/Info.plist";
				IPHONEOS_DEPLOYMENT_TARGET = 13.2;
				LD_RUNPATH_SEARCH_PATHS = (
					"$(inherited)",
					"@executable_path/Frameworks",
					"@loader_path/Frameworks",
				);
				PRODUCT_BUNDLE_IDENTIFIER = "LAVA.Text-Image-Classifier-ASM-Tests";
				PRODUCT_NAME = "$(TARGET_NAME)";
				SWIFT_VERSION = 5.0;
				TARGETED_DEVICE_FAMILY = "1,2";
				TEST_HOST = "$(BUILT_PRODUCTS_DIR)/Text Image Classifier(ASM).app/Text Image Classifier(ASM)";
			};
			name = Release;
		};
		01866E2323EDCE54000F1092 /* Debug */ = {
			isa = XCBuildConfiguration;
			buildSettings = {
				ALWAYS_EMBED_SWIFT_STANDARD_LIBRARIES = YES;
				CODE_SIGN_STYLE = Automatic;
				INFOPLIST_FILE = "Text Image Classifier(ASM)UITests/Info.plist";
				LD_RUNPATH_SEARCH_PATHS = (
					"$(inherited)",
					"@executable_path/Frameworks",
					"@loader_path/Frameworks",
				);
				PRODUCT_BUNDLE_IDENTIFIER = "LAVA.Text-Image-Classifier-ASM-UITests";
				PRODUCT_NAME = "$(TARGET_NAME)";
				SWIFT_VERSION = 5.0;
				TARGETED_DEVICE_FAMILY = "1,2";
				TEST_TARGET_NAME = "Text Image Classifier(ASM)";
			};
			name = Debug;
		};
		01866E2423EDCE54000F1092 /* Release */ = {
			isa = XCBuildConfiguration;
			buildSettings = {
				ALWAYS_EMBED_SWIFT_STANDARD_LIBRARIES = YES;
				CODE_SIGN_STYLE = Automatic;
				INFOPLIST_FILE = "Text Image Classifier(ASM)UITests/Info.plist";
				LD_RUNPATH_SEARCH_PATHS = (
					"$(inherited)",
					"@executable_path/Frameworks",
					"@loader_path/Frameworks",
				);
				PRODUCT_BUNDLE_IDENTIFIER = "LAVA.Text-Image-Classifier-ASM-UITests";
				PRODUCT_NAME = "$(TARGET_NAME)";
				SWIFT_VERSION = 5.0;
				TARGETED_DEVICE_FAMILY = "1,2";
				TEST_TARGET_NAME = "Text Image Classifier(ASM)";
			};
			name = Release;
		};
/* End XCBuildConfiguration section */

/* Begin XCConfigurationList section */
		01866DEA23EDCE53000F1092 /* Build configuration list for PBXProject "Text Image Classifier(ASM)" */ = {
			isa = XCConfigurationList;
			buildConfigurations = (
				01866E1A23EDCE54000F1092 /* Debug */,
				01866E1B23EDCE54000F1092 /* Release */,
			);
			defaultConfigurationIsVisible = 0;
			defaultConfigurationName = Release;
		};
		01866E1C23EDCE54000F1092 /* Build configuration list for PBXNativeTarget "Text Image Classifier(ASM)" */ = {
			isa = XCConfigurationList;
			buildConfigurations = (
				01866E1D23EDCE54000F1092 /* Debug */,
				01866E1E23EDCE54000F1092 /* Release */,
			);
			defaultConfigurationIsVisible = 0;
			defaultConfigurationName = Release;
		};
		01866E1F23EDCE54000F1092 /* Build configuration list for PBXNativeTarget "Text Image Classifier(ASM)Tests" */ = {
			isa = XCConfigurationList;
			buildConfigurations = (
				01866E2023EDCE54000F1092 /* Debug */,
				01866E2123EDCE54000F1092 /* Release */,
			);
			defaultConfigurationIsVisible = 0;
			defaultConfigurationName = Release;
		};
		01866E2223EDCE54000F1092 /* Build configuration list for PBXNativeTarget "Text Image Classifier(ASM)UITests" */ = {
			isa = XCConfigurationList;
			buildConfigurations = (
				01866E2323EDCE54000F1092 /* Debug */,
				01866E2423EDCE54000F1092 /* Release */,
			);
			defaultConfigurationIsVisible = 0;
			defaultConfigurationName = Release;
		};
/* End XCConfigurationList section */

/* Begin XCVersionGroup section */
		01866DF623EDCE53000F1092 /* Text_Image_Classifier_ASM_.xcdatamodeld */ = {
			isa = XCVersionGroup;
			children = (
				01866DF723EDCE53000F1092 /* Text_Image_Classifier_ASM_.xcdatamodel */,
			);
			currentVersion = 01866DF723EDCE53000F1092 /* Text_Image_Classifier_ASM_.xcdatamodel */;
			path = Text_Image_Classifier_ASM_.xcdatamodeld;
			sourceTree = "<group>";
			versionGroupType = wrapper.xcdatamodel;
		};
/* End XCVersionGroup section */
	};
	rootObject = 01866DE723EDCE53000F1092 /* Project object */;
}
